Microsoft Visual Studio Solution File, Format Version 12.00
# Visual Studio Version 17
VisualStudioVersion = 17.5.2.0
MinimumVisualStudioVersion = 10.0.40219.1
Project("{2150E333-8FDC-42A3-9474-1A3956D46DE8}") = "documentation", "documentation", "{5CE8E52D-A8AF-340A-4033-B85429601BE7}"
EndProject
Project("{2150E333-8FDC-42A3-9474-1A3956D46DE8}") = "type-system", "type-system", "{75457704-EE22-4E45-72F1-24CF3A22EC19}"
EndProject
Project("{FAE04EC0-301F-11D3-BF4B-00C04F79EFBC}") = "args-factorial", "documentation\args-factorial\args-factorial.csproj", "{F4998145-6693-4A8F-B0EB-77E323268998}"
EndProject
Project("{FAE04EC0-301F-11D3-BF4B-00C04F79EFBC}") = "async", "documentation\async\async.csproj", "{6117BFF8-4B1E-2651-249B-B95E44ED0400}"
EndProject
Project("{FAE04EC0-301F-11D3-BF4B-00C04F79EFBC}") = "overview", "documentation\overview\overview.csproj", "{EF110F89-C4C0-058A-5688-EBBFD01630AC}"
EndProject
Project("{FAE04EC0-301F-11D3-BF4B-00C04F79EFBC}") = "documentation", "documentation\return\documentation.csproj", "{A46F809E-A72E-3CAA-D304-83B03E6E50AA}"
EndProject
Project("{FAE04EC0-301F-11D3-BF4B-00C04F79EFBC}") = "top-level", "documentation\top-level\top-level.csproj", "{3F702905-E584-AE93-F6F9-9729150A7C8D}"
EndProject
Project("{FAE04EC0-301F-11D3-BF4B-00C04F79EFBC}") = "toplevel-args", "documentation\toplevel-args\toplevel-args.csproj", "{6E70A182-509E-EDA6-CDC4-FC5C03F32FD0}"
EndProject
Project("{FAE04EC0-301F-11D3-BF4B-00C04F79EFBC}") = "toplevel-await", "documentation\toplevel-await\toplevel-await.csproj", "{9BC1D045-A482-C2BB-C3EF-BA17788DFCFA}"
EndProject
Project("{FAE04EC0-301F-11D3-BF4B-00C04F79EFBC}") = "anonymous-types", "type-system\anonymous-types\anonymous-types.csproj", "{C608CD0E-F1E9-D613-20BE-B3DD50BF0FE2}"
EndProject
Project("{FAE04EC0-301F-11D3-BF4B-00C04F79EFBC}") = "classes", "type-system\classes\classes.csproj", "{007C3F5A-3D6C-49FD-2D6D-721736B1D662}"
EndProject
Project("{FAE04EC0-301F-11D3-BF4B-00C04F79EFBC}") = "generics", "type-system\generics\generics.csproj", "{F5A9618D-2E0A-D884-DA83-0B93B25139F1}"
EndProject
Project("{FAE04EC0-301F-11D3-BF4B-00C04F79EFBC}") = "interfaces", "type-system\interfaces\interfaces.csproj", "{E652EC45-31A6-1374-300F-9C07E291EBA2}"
EndProject
Project("{FAE04EC0-301F-11D3-BF4B-00C04F79EFBC}") = "namespaces", "type-system\namespaces\namespaces.csproj", "{8EF805BE-E85F-A146-558D-13FED42C6CEB}"
EndProject
Project("{FAE04EC0-301F-11D3-BF4B-00C04F79EFBC}") = "overview", "type-system\overview\overview.csproj", "{6A236A47-7690-7D89-C4DD-AC34BE4DF85E}"
EndProject
Project("{FAE04EC0-301F-11D3-BF4B-00C04F79EFBC}") = "records", "type-system\records\records.csproj", "{C7A5B3F3-2EE9-88DE-E299-E047574F911E}"
EndProject
Global
	GlobalSection(SolutionConfigurationPlatforms) = preSolution
		Debug|Any CPU = Debug|Any CPU
		Release|Any CPU = Release|Any CPU
	EndGlobalSection
	GlobalSection(ProjectConfigurationPlatforms) = postSolution
		{F4998145-6693-4A8F-B0EB-77E323268998}.Debug|Any CPU.ActiveCfg = Debug|Any CPU
		{F4998145-6693-4A8F-B0EB-77E323268998}.Debug|Any CPU.Build.0 = Debug|Any CPU
		{F4998145-6693-4A8F-B0EB-77E323268998}.Release|Any CPU.ActiveCfg = Release|Any CPU
		{F4998145-6693-4A8F-B0EB-77E323268998}.Release|Any CPU.Build.0 = Release|Any CPU
		{6117BFF8-4B1E-2651-249B-B95E44ED0400}.Debug|Any CPU.ActiveCfg = Debug|Any CPU
		{6117BFF8-4B1E-2651-249B-B95E44ED0400}.Debug|Any CPU.Build.0 = Debug|Any CPU
		{6117BFF8-4B1E-2651-249B-B95E44ED0400}.Release|Any CPU.ActiveCfg = Release|Any CPU
		{6117BFF8-4B1E-2651-249B-B95E44ED0400}.Release|Any CPU.Build.0 = Release|Any CPU
		{EF110F89-C4C0-058A-5688-EBBFD01630AC}.Debug|Any CPU.ActiveCfg = Debug|Any CPU
		{EF110F89-C4C0-058A-5688-EBBFD01630AC}.Debug|Any CPU.Build.0 = Debug|Any CPU
		{EF110F89-C4C0-058A-5688-EBBFD01630AC}.Release|Any CPU.ActiveCfg = Release|Any CPU
		{EF110F89-C4C0-058A-5688-EBBFD01630AC}.Release|Any CPU.Build.0 = Release|Any CPU
		{A46F809E-A72E-3CAA-D304-83B03E6E50AA}.Debug|Any CPU.ActiveCfg = Debug|Any CPU
		{A46F809E-A72E-3CAA-D304-83B03E6E50AA}.Debug|Any CPU.Build.0 = Debug|Any CPU
		{A46F809E-A72E-3CAA-D304-83B03E6E50AA}.Release|Any CPU.ActiveCfg = Release|Any CPU
		{A46F809E-A72E-3CAA-D304-83B03E6E50AA}.Release|Any CPU.Build.0 = Release|Any CPU
		{3F702905-E584-AE93-F6F9-9729150A7C8D}.Debug|Any CPU.ActiveCfg = Debug|Any CPU
		{3F702905-E584-AE93-F6F9-9729150A7C8D}.Debug|Any CPU.Build.0 = Debug|Any CPU
		{3F702905-E584-AE93-F6F9-9729150A7C8D}.Release|Any CPU.ActiveCfg = Release|Any CPU
		{3F702905-E584-AE93-F6F9-9729150A7C8D}.Release|Any CPU.Build.0 = Release|Any CPU
		{6E70A182-509E-EDA6-CDC4-FC5C03F32FD0}.Debug|Any CPU.ActiveCfg = Debug|Any CPU
		{6E70A182-509E-EDA6-CDC4-FC5C03F32FD0}.Debug|Any CPU.Build.0 = Debug|Any CPU
		{6E70A182-509E-EDA6-CDC4-FC5C03F32FD0}.Release|Any CPU.ActiveCfg = Release|Any CPU
		{6E70A182-509E-EDA6-CDC4-FC5C03F32FD0}.Release|Any CPU.Build.0 = Release|Any CPU
		{9BC1D045-A482-C2BB-C3EF-BA17788DFCFA}.Debug|Any CPU.ActiveCfg = Debug|Any CPU
		{9BC1D045-A482-C2BB-C3EF-BA17788DFCFA}.Debug|Any CPU.Build.0 = Debug|Any CPU
		{9BC1D045-A482-C2BB-C3EF-BA17788DFCFA}.Release|Any CPU.ActiveCfg = Release|Any CPU
		{9BC1D045-A482-C2BB-C3EF-BA17788DFCFA}.Release|Any CPU.Build.0 = Release|Any CPU
		{C608CD0E-F1E9-D613-20BE-B3DD50BF0FE2}.Debug|Any CPU.ActiveCfg = Debug|Any CPU
		{C608CD0E-F1E9-D613-20BE-B3DD50BF0FE2}.Debug|Any CPU.Build.0 = Debug|Any CPU
		{C608CD0E-F1E9-D613-20BE-B3DD50BF0FE2}.Release|Any CPU.ActiveCfg = Release|Any CPU
		{C608CD0E-F1E9-D613-20BE-B3DD50BF0FE2}.Release|Any CPU.Build.0 = Release|Any CPU
		{007C3F5A-3D6C-49FD-2D6D-721736B1D662}.Debug|Any CPU.ActiveCfg = Debug|Any CPU
		{007C3F5A-3D6C-49FD-2D6D-721736B1D662}.Debug|Any CPU.Build.0 = Debug|Any CPU
		{007C3F5A-3D6C-49FD-2D6D-721736B1D662}.Release|Any CPU.ActiveCfg = Release|Any CPU
		{007C3F5A-3D6C-49FD-2D6D-721736B1D662}.Release|Any CPU.Build.0 = Release|Any CPU
		{F5A9618D-2E0A-D884-DA83-0B93B25139F1}.Debug|Any CPU.ActiveCfg = Debug|Any CPU
		{F5A9618D-2E0A-D884-DA83-0B93B25139F1}.Debug|Any CPU.Build.0 = Debug|Any CPU
		{F5A9618D-2E0A-D884-DA83-0B93B25139F1}.Release|Any CPU.ActiveCfg = Release|Any CPU
		{F5A9618D-2E0A-D884-DA83-0B93B25139F1}.Release|Any CPU.Build.0 = Release|Any CPU
		{E652EC45-31A6-1374-300F-9C07E291EBA2}.Debug|Any CPU.ActiveCfg = Debug|Any CPU
		{E652EC45-31A6-1374-300F-9C07E291EBA2}.Debug|Any CPU.Build.0 = Debug|Any CPU
		{E652EC45-31A6-1374-300F-9C07E291EBA2}.Release|Any CPU.ActiveCfg = Release|Any CPU
		{E652EC45-31A6-1374-300F-9C07E291EBA2}.Release|Any CPU.Build.0 = Release|Any CPU
		{8EF805BE-E85F-A146-558D-13FED42C6CEB}.Debug|Any CPU.ActiveCfg = Debug|Any CPU
		{8EF805BE-E85F-A146-558D-13FED42C6CEB}.Debug|Any CPU.Build.0 = Debug|Any CPU
		{8EF805BE-E85F-A146-558D-13FED42C6CEB}.Release|Any CPU.ActiveCfg = Release|Any CPU
		{8EF805BE-E85F-A146-558D-13FED42C6CEB}.Release|Any CPU.Build.0 = Release|Any CPU
		{6A236A47-7690-7D89-C4DD-AC34BE4DF85E}.Debug|Any CPU.ActiveCfg = Debug|Any CPU
		{6A236A47-7690-7D89-C4DD-AC34BE4DF85E}.Debug|Any CPU.Build.0 = Debug|Any CPU
		{6A236A47-7690-7D89-C4DD-AC34BE4DF85E}.Release|Any CPU.ActiveCfg = Release|Any CPU
		{6A236A47-7690-7D89-C4DD-AC34BE4DF85E}.Release|Any CPU.Build.0 = Release|Any CPU
		{C7A5B3F3-2EE9-88DE-E299-E047574F911E}.Debug|Any CPU.ActiveCfg = Debug|Any CPU
		{C7A5B3F3-2EE9-88DE-E299-E047574F911E}.Debug|Any CPU.Build.0 = Debug|Any CPU
		{C7A5B3F3-2EE9-88DE-E299-E047574F911E}.Release|Any CPU.ActiveCfg = Release|Any CPU
		{C7A5B3F3-2EE9-88DE-E299-E047574F911E}.Release|Any CPU.Build.0 = Release|Any CPU
	EndGlobalSection
	GlobalSection(SolutionProperties) = preSolution
		HideSolutionNode = FALSE
	EndGlobalSection
	GlobalSection(NestedProjects) = preSolution
		{F4998145-6693-4A8F-B0EB-77E323268998} = {5CE8E52D-A8AF-340A-4033-B85429601BE7}
		{6117BFF8-4B1E-2651-249B-B95E44ED0400} = {5CE8E52D-A8AF-340A-4033-B85429601BE7}
		{EF110F89-C4C0-058A-5688-EBBFD01630AC} = {5CE8E52D-A8AF-340A-4033-B85429601BE7}
		{A46F809E-A72E-3CAA-D304-83B03E6E50AA} = {5CE8E52D-A8AF-340A-4033-B85429601BE7}
		{3F702905-E584-AE93-F6F9-9729150A7C8D} = {5CE8E52D-A8AF-340A-4033-B85429601BE7}
		{6E70A182-509E-EDA6-CDC4-FC5C03F32FD0} = {5CE8E52D-A8AF-340A-4033-B85429601BE7}
		{9BC1D045-A482-C2BB-C3EF-BA17788DFCFA} = {5CE8E52D-A8AF-340A-4033-B85429601BE7}
		{C608CD0E-F1E9-D613-20BE-B3DD50BF0FE2} = {75457704-EE22-4E45-72F1-24CF3A22EC19}
		{007C3F5A-3D6C-49FD-2D6D-721736B1D662} = {75457704-EE22-4E45-72F1-24CF3A22EC19}
		{F5A9618D-2E0A-D884-DA83-0B93B25139F1} = {75457704-EE22-4E45-72F1-24CF3A22EC19}
		{E652EC45-31A6-1374-300F-9C07E291EBA2} = {75457704-EE22-4E45-72F1-24CF3A22EC19}
		{8EF805BE-E85F-A146-558D-13FED42C6CEB} = {75457704-EE22-4E45-72F1-24CF3A22EC19}
		{6A236A47-7690-7D89-C4DD-AC34BE4DF85E} = {75457704-EE22-4E45-72F1-24CF3A22EC19}
		{C7A5B3F3-2EE9-88DE-E299-E047574F911E} = {75457704-EE22-4E45-72F1-24CF3A22EC19}
	EndGlobalSection
	GlobalSection(ExtensibilityGlobals) = postSolution
		SolutionGuid = {9C3521B2-518A-4DED-A016-041762080EF7}
	EndGlobalSection
EndGlobal
